// !$*UTF8*$!
{
	archiveVersion = 1;
	classes = {
	};
	objectVersion = 50;
	objects = {

/* Begin PBXBuildFile section */
		3118C59124BC8BBA00129BA0 /* AppDelegate.m in Sources */ = {isa = PBXBuildFile; fileRef = 3118C59024BC8BBA00129BA0 /* AppDelegate.m */; };
		3118C59424BC8BBA00129BA0 /* SceneDelegate.m in Sources */ = {isa = PBXBuildFile; fileRef = 3118C59324BC8BBA00129BA0 /* SceneDelegate.m */; };
		3118C59724BC8BBA00129BA0 /* ViewController.m in Sources */ = {isa = PBXBuildFile; fileRef = 3118C59624BC8BBA00129BA0 /* ViewController.m */; };
		3118C59A24BC8BBA00129BA0 /* Main.storyboard in Resources */ = {isa = PBXBuildFile; fileRef = 3118C59824BC8BBA00129BA0 /* Main.storyboard */; };
		3118C59C24BC8BC300129BA0 /* Assets.xcassets in Resources */ = {isa = PBXBuildFile; fileRef = 3118C59B24BC8BC300129BA0 /* Assets.xcassets */; };
		3118C59F24BC8BC300129BA0 /* LaunchScreen.storyboard in Resources */ = {isa = PBXBuildFile; fileRef = 3118C59D24BC8BC300129BA0 /* LaunchScreen.storyboard */; };
		3118C5A224BC8BC300129BA0 /* main.m in Sources */ = {isa = PBXBuildFile; fileRef = 3118C5A124BC8BC300129BA0 /* main.m */; };
/* End PBXBuildFile section */

/* Begin PBXFileReference section */
		3118C58C24BC8BBA00129BA0 /* iOS_ICU.app */ = {isa = PBXFileReference; explicitFileType = wrapper.application; includeInIndex = 0; path = iOS_ICU.app; sourceTree = BUILT_PRODUCTS_DIR; };
		3118C58F24BC8BBA00129BA0 /* AppDelegate.h */ = {isa = PBXFileReference; lastKnownFileType = sourcecode.c.h; path = AppDelegate.h; sourceTree = "<group>"; };
		3118C59024BC8BBA00129BA0 /* AppDelegate.m */ = {isa = PBXFileReference; lastKnownFileType = sourcecode.c.objc; path = AppDelegate.m; sourceTree = "<group>"; };
		3118C59224BC8BBA00129BA0 /* SceneDelegate.h */ = {isa = PBXFileReference; lastKnownFileType = sourcecode.c.h; path = SceneDelegate.h; sourceTree = "<group>"; };
		3118C59324BC8BBA00129BA0 /* SceneDelegate.m */ = {isa = PBXFileReference; lastKnownFileType = sourcecode.c.objc; path = SceneDelegate.m; sourceTree = "<group>"; };
		3118C59524BC8BBA00129BA0 /* ViewController.h */ = {isa = PBXFileReference; lastKnownFileType = sourcecode.c.h; path = ViewController.h; sourceTree = "<group>"; };
		3118C59624BC8BBA00129BA0 /* ViewController.m */ = {isa = PBXFileReference; lastKnownFileType = sourcecode.c.objc; path = ViewController.m; sourceTree = "<group>"; };
		3118C59924BC8BBA00129BA0 /* Base */ = {isa = PBXFileReference; lastKnownFileType = file.storyboard; name = Base; path = Base.lproj/Main.storyboard; sourceTree = "<group>"; };
		3118C59B24BC8BC300129BA0 /* Assets.xcassets */ = {isa = PBXFileReference; lastKnownFileType = folder.assetcatalog; path = Assets.xcassets; sourceTree = "<group>"; };
		3118C59E24BC8BC300129BA0 /* Base */ = {isa = PBXFileReference; lastKnownFileType = file.storyboard; name = Base; path = Base.lproj/LaunchScreen.storyboard; sourceTree = "<group>"; };
		3118C5A024BC8BC300129BA0 /* Info.plist */ = {isa = PBXFileReference; lastKnownFileType = text.plist.xml; path = Info.plist; sourceTree = "<group>"; };
		3118C5A124BC8BC300129BA0 /* main.m */ = {isa = PBXFileReference; lastKnownFileType = sourcecode.c.objc; path = main.m; sourceTree = "<group>"; };
/* End PBXFileReference section */

/* Begin PBXFrameworksBuildPhase section */
		3118C58924BC8BBA00129BA0 /* Frameworks */ = {
			isa = PBXFrameworksBuildPhase;
			buildActionMask = 2147483647;
			files = (
			);
			runOnlyForDeploymentPostprocessing = 0;
		};
/* End PBXFrameworksBuildPhase section */

/* Begin PBXGroup section */
		3118C58324BC8BBA00129BA0 = {
			isa = PBXGroup;
			children = (
				3118C58E24BC8BBA00129BA0 /* iOS_ICU */,
				3118C58D24BC8BBA00129BA0 /* Products */,
			);
			sourceTree = "<group>";
		};
		3118C58D24BC8BBA00129BA0 /* Products */ = {
			isa = PBXGroup;
			children = (
				3118C58C24BC8BBA00129BA0 /* iOS_ICU.app */,
			);
			name = Products;
			sourceTree = "<group>";
		};
		3118C58E24BC8BBA00129BA0 /* iOS_ICU */ = {
			isa = PBXGroup;
			children = (
				3118C58F24BC8BBA00129BA0 /* AppDelegate.h */,
				3118C59024BC8BBA00129BA0 /* AppDelegate.m */,
				3118C59224BC8BBA00129BA0 /* SceneDelegate.h */,
				3118C59324BC8BBA00129BA0 /* SceneDelegate.m */,
				3118C59524BC8BBA00129BA0 /* ViewController.h */,
				3118C59624BC8BBA00129BA0 /* ViewController.m */,
				3118C59824BC8BBA00129BA0 /* Main.storyboard */,
				3118C59B24BC8BC300129BA0 /* Assets.xcassets */,
				3118C59D24BC8BC300129BA0 /* LaunchScreen.storyboard */,
				3118C5A024BC8BC300129BA0 /* Info.plist */,
				3118C5A124BC8BC300129BA0 /* main.m */,
			);
			path = iOS_ICU;
			sourceTree = "<group>";
		};
/* End PBXGroup section */

/* Begin PBXNativeTarget section */
		3118C58B24BC8BBA00129BA0 /* iOS_ICU */ = {
			isa = PBXNativeTarget;
			buildConfigurationList = 3118C5A524BC8BC300129BA0 /* Build configuration list for PBXNativeTarget "iOS_ICU" */;
			buildPhases = (
				3118C58824BC8BBA00129BA0 /* Sources */,
				3118C58924BC8BBA00129BA0 /* Frameworks */,
				3118C58A24BC8BBA00129BA0 /* Resources */,
			);
			buildRules = (
			);
			dependencies = (
			);
			name = iOS_ICU;
			productName = iOS_ICU;
			productReference = 3118C58C24BC8BBA00129BA0 /* iOS_ICU.app */;
			productType = "com.apple.product-type.application";
		};
/* End PBXNativeTarget section */

/* Begin PBXProject section */
		3118C58424BC8BBA00129BA0 /* Project object */ = {
			isa = PBXProject;
			attributes = {
				LastUpgradeCheck = 1150;
				ORGANIZATIONNAME = yuanshi;
				TargetAttributes = {
					3118C58B24BC8BBA00129BA0 = {
						CreatedOnToolsVersion = 11.5;
					};
				};
			};
			buildConfigurationList = 3118C58724BC8BBA00129BA0 /* Build configuration list for PBXProject "iOS_ICU" */;
			compatibilityVersion = "Xcode 9.3";
			developmentRegion = en;
			hasScannedForEncodings = 0;
			knownRegions = (
				en,
				Base,
			);
			mainGroup = 3118C58324BC8BBA00129BA0;
			productRefGroup = 3118C58D24BC8BBA00129BA0 /* Products */;
			projectDirPath = "";
			projectRoot = "";
			targets = (
				3118C58B24BC8BBA00129BA0 /* iOS_ICU */,
			);
		};
/* End PBXProject section */

/* Begin PBXResourcesBuildPhase section */
		3118C58A24BC8BBA00129BA0 /* Resources */ = {
			isa = PBXResourcesBuildPhase;
			buildActionMask = 2147483647;
			files = (
				3118C59F24BC8BC300129BA0 /* LaunchScreen.storyboard in Resources */,
				3118C59C24BC8BC300129BA0 /* Assets.xcassets in Resources */,
				3118C59A24BC8BBA00129BA0 /* Main.storyboard in Resources */,
			);
			runOnlyForDeploymentPostprocessing = 0;
		};
/* End PBXResourcesBuildPhase section */

/* Begin PBXSourcesBuildPhase section */
		3118C58824BC8BBA00129BA0 /* Sources */ = {
			isa = PBXSourcesBuildPhase;
			buildActionMask = 2147483647;
			files = (
				3118C59724BC8BBA00129BA0 /* ViewController.m in Sources */,
				3118C59124BC8BBA00129BA0 /* AppDelegate.m in Sources */,
				3118C5A224BC8BC300129BA0 /* main.m in Sources */,
				3118C59424BC8BBA00129BA0 /* SceneDelegate.m in Sources */,
			);
			runOnlyForDeploymentPostprocessing = 0;
		};
/* End PBXSourcesBuildPhase section */

/* Begin PBXVariantGroup section */
		3118C59824BC8BBA00129BA0 /* Main.storyboard */ = {
			isa = PBXVariantGroup;
			children = (
				3118C59924BC8BBA00129BA0 /* Base */,
			);
			name = Main.storyboard;
			sourceTree = "<group>";
		};
		3118C59D24BC8BC300129BA0 /* LaunchScreen.storyboard */ = {
			isa = PBXVariantGroup;
			children = (
				3118C59E24BC8BC300129BA0 /* Base */,
			);
			name = LaunchScreen.storyboard;
			sourceTree = "<group>";
		};
/* End PBXVariantGroup section */

/* Begin XCBuildConfiguration section */
		3118C5A324BC8BC300129BA0 /* Debug */ = {
			isa = XCBuildConfiguration;
			buildSettings = {
				ALWAYS_SEARCH_USER_PATHS = NO;
				CLANG_ANALYZER_NONNULL = YES;
				CLANG_ANALYZER_NUMBER_OBJECT_CONVERSION = YES_AGGRESSIVE;
				CLANG_CXX_LANGUAGE_STANDARD = "gnu++14";
				CLANG_CXX_LIBRARY = "libc++";
				CLANG_ENABLE_MODULES = YES;
				CLANG_ENABLE_OBJC_ARC = YES;
				CLANG_ENABLE_OBJC_WEAK = YES;
				CLANG_WARN_BLOCK_CAPTURE_AUTORELEASING = YES;
				CLANG_WARN_BOOL_CONVERSION = YES;
				CLANG_WARN_COMMA = YES;
				CLANG_WARN_CONSTANT_CONVERSION = YES;
				CLANG_WARN_DEPRECATED_OBJC_IMPLEMENTATIONS = YES;
				CLANG_WARN_DIRECT_OBJC_ISA_USAGE = YES_ERROR;
				CLANG_WARN_DOCUMENTATION_COMMENTS = YES;
				CLANG_WARN_EMPTY_BODY = YES;
				CLANG_WARN_ENUM_CONVERSION = YES;
				CLANG_WARN_INFINITE_RECURSION = YES;
				CLANG_WARN_INT_CONVERSION = YES;
				CLANG_WARN_NON_LITERAL_NULL_CONVERSION = YES;
				CLANG_WARN_OBJC_IMPLICIT_RETAIN_SELF = YES;
				CLANG_WARN_OBJC_LITERAL_CONVERSION = YES;
				CLANG_WARN_OBJC_ROOT_CLASS = YES_ERROR;
				CLANG_WARN_RANGE_LOOP_ANALYSIS = YES;
				CLANG_WARN_STRICT_PROTOTYPES = YES;
				CLANG_WARN_SUSPICIOUS_MOVE = YES;
				CLANG_WARN_UNGUARDED_AVAILABILITY = YES_AGGRESSIVE;
				CLANG_WARN_UNREACHABLE_CODE = YES;
				CLANG_WARN__DUPLICATE_METHOD_MATCH = YES;
				COPY_PHASE_STRIP = NO;
				DEBUG_INFORMATION_FORMAT = dwarf;
				ENABLE_STRICT_OBJC_MSGSEND = YES;
				ENABLE_TESTABILITY = YES;
				GCC_C_LANGUAGE_STANDARD = gnu11;
				GCC_DYNAMIC_NO_PIC = NO;
				GCC_NO_COMMON_BLOCKS = YES;
				GCC_OPTIMIZATION_LEVEL = 0;
				GCC_PREPROCESSOR_DEFINITIONS = (
					"DEBUG=1",
					"$(inherited)",
				);
				GCC_WARN_64_TO_32_BIT_CONVERSION = YES;
				GCC_WARN_ABOUT_RETURN_TYPE = YES_ERROR;
				GCC_WARN_UNDECLARED_SELECTOR = YES;
				GCC_WARN_UNINITIALIZED_AUTOS = YES_AGGRESSIVE;
				GCC_WARN_UNUSED_FUNCTION = YES;
				GCC_WARN_UNUSED_VARIABLE = YES;
				IPHONEOS_DEPLOYMENT_TARGET = 12.4;
				MTL_ENABLE_DEBUG_INFO = INCLUDE_SOURCE;
				MTL_FAST_MATH = YES;
				ONLY_ACTIVE_ARCH = YES;
				SDKROOT = iphoneos;
			};
			name = Debug;
		};
		3118C5A424BC8BC300129BA0 /* Release */ = {
			isa = XCBuildConfiguration;
			buildSettings = {
				ALWAYS_SEARCH_USER_PATHS = NO;
				CLANG_ANALYZER_NONNULL = YES;
				CLANG_ANALYZER_NUMBER_OBJECT_CONVERSION = YES_AGGRESSIVE;
				CLANG_CXX_LANGUAGE_STANDARD = "gnu++14";
				CLANG_CXX_LIBRARY = "libc++";
				CLANG_ENABLE_MODULES = YES;
				CLANG_ENABLE_OBJC_ARC = YES;
				CLANG_ENABLE_OBJC_WEAK = YES;
				CLANG_WARN_BLOCK_CAPTURE_AUTORELEASING = YES;
				CLANG_WARN_BOOL_CONVERSION = YES;
				CLANG_WARN_COMMA = YES;
				CLANG_WARN_CONSTANT_CONVERSION = YES;
				CLANG_WARN_DEPRECATED_OBJC_IMPLEMENTATIONS = YES;
				CLANG_WARN_DIRECT_OBJC_ISA_USAGE = YES_ERROR;
				CLANG_WARN_DOCUMENTATION_COMMENTS = YES;
				CLANG_WARN_EMPTY_BODY = YES;
				CLANG_WARN_ENUM_CONVERSION = YES;
				CLANG_WARN_INFINITE_RECURSION = YES;
				CLANG_WARN_INT_CONVERSION = YES;
				CLANG_WARN_NON_LITERAL_NULL_CONVERSION = YES;
				CLANG_WARN_OBJC_IMPLICIT_RETAIN_SELF = YES;
				CLANG_WARN_OBJC_LITERAL_CONVERSION = YES;
				CLANG_WARN_OBJC_ROOT_CLASS = YES_ERROR;
				CLANG_WARN_RANGE_LOOP_ANALYSIS = YES;
				CLANG_WARN_STRICT_PROTOTYPES = YES;
				CLANG_WARN_SUSPICIOUS_MOVE = YES;
				CLANG_WARN_UNGUARDED_AVAILABILITY = YES_AGGRESSIVE;
				CLANG_WARN_UNREACHABLE_CODE = YES;
				CLANG_WARN__DUPLICATE_METHOD_MATCH = YES;
				COPY_PHASE_STRIP = NO;
				DEBUG_INFORMATION_FORMAT = "dwarf-with-dsym";
				ENABLE_NS_ASSERTIONS = NO;
				ENABLE_STRICT_OBJC_MSGSEND = YES;
				GCC_C_LANGUAGE_STANDARD = gnu11;
				GCC_NO_COMMON_BLOCKS = YES;
				GCC_WARN_64_TO_32_BIT_CONVERSION = YES;
				GCC_WARN_ABOUT_RETURN_TYPE = YES_ERROR;
				GCC_WARN_UNDECLARED_SELECTOR = YES;
				GCC_WARN_UNINITIALIZED_AUTOS = YES_AGGRESSIVE;
				GCC_WARN_UNUSED_FUNCTION = YES;
				GCC_WARN_UNUSED_VARIABLE = YES;
				IPHONEOS_DEPLOYMENT_TARGET = 12.4;
				MTL_ENABLE_DEBUG_INFO = NO;
				MTL_FAST_MATH = YES;
				SDKROOT = iphoneos;
				VALIDATE_PRODUCT = YES;
			};
			name = Release;
		};
		3118C5A624BC8BC300129BA0 /* Debug */ = {
			isa = XCBuildConfiguration;
			buildSettings = {
				ASSETCATALOG_COMPILER_APPICON_NAME = AppIcon;
				CODE_SIGN_STYLE = Automatic;
				DEVELOPMENT_TEAM = 7HLAS7R6T3;
				INFOPLIST_FILE = iOS_ICU/Info.plist;
				LD_RUNPATH_SEARCH_PATHS = (
					"$(inherited)",
					"@executable_path/Frameworks",
				);
				PRODUCT_BUNDLE_IDENTIFIER = "yuanshi.iOS-ICU";
				PRODUCT_NAME = "$(TARGET_NAME)";
				TARGETED_DEVICE_FAMILY = "1,2";
			};
			name = Debug;
		};
		3118C5A724BC8BC300129BA0 /* Release */ = {
			isa = XCBuildConfiguration;
			buildSettings = {
				ASSETCATALOG_COMPILER_APPICON_NAME = AppIcon;
				CODE_SIGN_STYLE = Automatic;
				DEVELOPMENT_TEAM = 7HLAS7R6T3;
				INFOPLIST_FILE = iOS_ICU/Info.plist;
				LD_RUNPATH_SEARCH_PATHS = (
					"$(inherited)",
					"@executable_path/Frameworks",
				);
				PRODUCT_BUNDLE_IDENTIFIER = "yuanshi.iOS-ICU";
				PRODUCT_NAME = "$(TARGET_NAME)";
				TARGETED_DEVICE_FAMILY = "1,2";
			};
			name = Release;
		};
/* End XCBuildConfiguration section */

/* Begin XCConfigurationList section */
		3118C58724BC8BBA00129BA0 /* Build configuration list for PBXProject "iOS_ICU" */ = {
			isa = XCConfigurationList;
			buildConfigurations = (
				3118C5A324BC8BC300129BA0 /* Debug */,
				3118C5A424BC8BC300129BA0 /* Release */,
			);
			defaultConfigurationIsVisible = 0;
			defaultConfigurationName = Release;
		};
		3118C5A524BC8BC300129BA0 /* Build configuration list for PBXNativeTarget "iOS_ICU" */ = {
			isa = XCConfigurationList;
			buildConfigurations = (
				3118C5A624BC8BC300129BA0 /* Debug */,
				3118C5A724BC8BC300129BA0 /* Release */,
			);
			defaultConfigurationIsVisible = 0;
			defaultConfigurationName = Release;
		};
/* End XCConfigurationList section */
	};
	rootObject = 3118C58424BC8BBA00129BA0 /* Project object */;
}
